
Microsoft Visual Studio Solution File, Format Version 12.00
# Visual Studio Version 16
VisualStudioVersion = 16.0.30523.141
MinimumVisualStudioVersion = 10.0.40219.1
Project("{FAE04EC0-301F-11D3-BF4B-00C04F79EFBC}") = "Clase9Programa3", "Clase9Programa3.csproj", "{ECBADF73-9E54-4A36-B0B1-E8EA8222DAA6}"
EndProject
Global
	GlobalSection(SolutionConfigurationPlatforms) = preSolution
		Debug|Any CPU = Debug|Any CPU
		Release|Any CPU = Release|Any CPU
	EndGlobalSection
	GlobalSection(ProjectConfigurationPlatforms) = postSolution
		{ECBADF73-9E54-4A36-B0B1-E8EA8222DAA6}.Debug|Any CPU.ActiveCfg = Debug|Any CPU
		{ECBADF73-9E54-4A36-B0B1-E8EA8222DAA6}.Debug|Any CPU.Build.0 = Debug|Any CPU
		{ECBADF73-9E54-4A36-B0B1-E8EA8222DAA6}.Release|Any CPU.ActiveCfg = Release|Any CPU
		{ECBADF73-9E54-4A36-B0B1-E8EA8222DAA6}.Release|Any CPU.Build.0 = Release|Any CPU
	EndGlobalSection
	GlobalSection(SolutionProperties) = preSolution
		HideSolutionNode = FALSE
	EndGlobalSection
	GlobalSection(ExtensibilityGlobals) = postSolution
		SolutionGuid = {73D66E80-907C-4600-9BBC-C84C6A253685}
	EndGlobalSection
EndGlobal
