
Microsoft Visual Studio Solution File, Format Version 12.00
# Visual Studio Version 16
VisualStudioVersion = 16.0.30523.141
MinimumVisualStudioVersion = 10.0.40219.1
Project("{FAE04EC0-301F-11D3-BF4B-00C04F79EFBC}") = "Clase2Programa5", "Clase2Programa5.csproj", "{DBECE295-87B4-48E8-BB5B-31D9FE2C20E0}"
EndProject
Global
	GlobalSection(SolutionConfigurationPlatforms) = preSolution
		Debug|Any CPU = Debug|Any CPU
		Release|Any CPU = Release|Any CPU
	EndGlobalSection
	GlobalSection(ProjectConfigurationPlatforms) = postSolution
		{DBECE295-87B4-48E8-BB5B-31D9FE2C20E0}.Debug|Any CPU.ActiveCfg = Debug|Any CPU
		{DBECE295-87B4-48E8-BB5B-31D9FE2C20E0}.Debug|Any CPU.Build.0 = Debug|Any CPU
		{DBECE295-87B4-48E8-BB5B-31D9FE2C20E0}.Release|Any CPU.ActiveCfg = Release|Any CPU
		{DBECE295-87B4-48E8-BB5B-31D9FE2C20E0}.Release|Any CPU.Build.0 = Release|Any CPU
	EndGlobalSection
	GlobalSection(SolutionProperties) = preSolution
		HideSolutionNode = FALSE
	EndGlobalSection
	GlobalSection(ExtensibilityGlobals) = postSolution
		SolutionGuid = {D75EE2A1-C7A9-4D6A-A375-4680B621FE4B}
	EndGlobalSection
EndGlobal
