
Microsoft Visual Studio Solution File, Format Version 12.00
# Visual Studio Version 16
VisualStudioVersion = 16.0.30523.141
MinimumVisualStudioVersion = 10.0.40219.1
Project("{FAE04EC0-301F-11D3-BF4B-00C04F79EFBC}") = "Clase2Programa10", "Clase2Programa10.csproj", "{99DD487E-7C82-4F9D-AAEB-EB4CCEC41DF5}"
EndProject
Global
	GlobalSection(SolutionConfigurationPlatforms) = preSolution
		Debug|Any CPU = Debug|Any CPU
		Release|Any CPU = Release|Any CPU
	EndGlobalSection
	GlobalSection(ProjectConfigurationPlatforms) = postSolution
		{99DD487E-7C82-4F9D-AAEB-EB4CCEC41DF5}.Debug|Any CPU.ActiveCfg = Debug|Any CPU
		{99DD487E-7C82-4F9D-AAEB-EB4CCEC41DF5}.Debug|Any CPU.Build.0 = Debug|Any CPU
		{99DD487E-7C82-4F9D-AAEB-EB4CCEC41DF5}.Release|Any CPU.ActiveCfg = Release|Any CPU
		{99DD487E-7C82-4F9D-AAEB-EB4CCEC41DF5}.Release|Any CPU.Build.0 = Release|Any CPU
	EndGlobalSection
	GlobalSection(SolutionProperties) = preSolution
		HideSolutionNode = FALSE
	EndGlobalSection
	GlobalSection(ExtensibilityGlobals) = postSolution
		SolutionGuid = {D16E55DB-1617-4E9B-968B-FA0B79AB8239}
	EndGlobalSection
EndGlobal
