
Microsoft Visual Studio Solution File, Format Version 12.00
# Visual Studio Version 16
VisualStudioVersion = 16.0.30523.141
MinimumVisualStudioVersion = 10.0.40219.1
Project("{FAE04EC0-301F-11D3-BF4B-00C04F79EFBC}") = "Clase2Programa2", "Clase2Programa2.csproj", "{C795F1D9-3350-4DC3-B21C-AAC4790BED37}"
EndProject
Global
	GlobalSection(SolutionConfigurationPlatforms) = preSolution
		Debug|Any CPU = Debug|Any CPU
		Release|Any CPU = Release|Any CPU
	EndGlobalSection
	GlobalSection(ProjectConfigurationPlatforms) = postSolution
		{C795F1D9-3350-4DC3-B21C-AAC4790BED37}.Debug|Any CPU.ActiveCfg = Debug|Any CPU
		{C795F1D9-3350-4DC3-B21C-AAC4790BED37}.Debug|Any CPU.Build.0 = Debug|Any CPU
		{C795F1D9-3350-4DC3-B21C-AAC4790BED37}.Release|Any CPU.ActiveCfg = Release|Any CPU
		{C795F1D9-3350-4DC3-B21C-AAC4790BED37}.Release|Any CPU.Build.0 = Release|Any CPU
	EndGlobalSection
	GlobalSection(SolutionProperties) = preSolution
		HideSolutionNode = FALSE
	EndGlobalSection
	GlobalSection(ExtensibilityGlobals) = postSolution
		SolutionGuid = {6FBBD419-47DD-4585-AE5B-E5935854A3FA}
	EndGlobalSection
EndGlobal
