
Microsoft Visual Studio Solution File, Format Version 12.00
# Visual Studio Version 16
VisualStudioVersion = 16.0.30523.141
MinimumVisualStudioVersion = 10.0.40219.1
Project("{FAE04EC0-301F-11D3-BF4B-00C04F79EFBC}") = "Clase7Programa5", "Clase7Programa5.csproj", "{BD77DAD5-B8DE-445D-8B3F-DE11D24CD8A7}"
EndProject
Global
	GlobalSection(SolutionConfigurationPlatforms) = preSolution
		Debug|Any CPU = Debug|Any CPU
		Release|Any CPU = Release|Any CPU
	EndGlobalSection
	GlobalSection(ProjectConfigurationPlatforms) = postSolution
		{BD77DAD5-B8DE-445D-8B3F-DE11D24CD8A7}.Debug|Any CPU.ActiveCfg = Debug|Any CPU
		{BD77DAD5-B8DE-445D-8B3F-DE11D24CD8A7}.Debug|Any CPU.Build.0 = Debug|Any CPU
		{BD77DAD5-B8DE-445D-8B3F-DE11D24CD8A7}.Release|Any CPU.ActiveCfg = Release|Any CPU
		{BD77DAD5-B8DE-445D-8B3F-DE11D24CD8A7}.Release|Any CPU.Build.0 = Release|Any CPU
	EndGlobalSection
	GlobalSection(SolutionProperties) = preSolution
		HideSolutionNode = FALSE
	EndGlobalSection
	GlobalSection(ExtensibilityGlobals) = postSolution
		SolutionGuid = {1E8D6D75-979D-4363-B791-2642DA2D57D8}
	EndGlobalSection
EndGlobal
