
Microsoft Visual Studio Solution File, Format Version 12.00
# Visual Studio Version 16
VisualStudioVersion = 16.0.30523.141
MinimumVisualStudioVersion = 10.0.40219.1
Project("{FAE04EC0-301F-11D3-BF4B-00C04F79EFBC}") = "Clase1Programa5", "Clase1Programa5.csproj", "{F791DDC5-F28E-4A83-840C-8F5B81BB6756}"
EndProject
Global
	GlobalSection(SolutionConfigurationPlatforms) = preSolution
		Debug|Any CPU = Debug|Any CPU
		Release|Any CPU = Release|Any CPU
	EndGlobalSection
	GlobalSection(ProjectConfigurationPlatforms) = postSolution
		{F791DDC5-F28E-4A83-840C-8F5B81BB6756}.Debug|Any CPU.ActiveCfg = Debug|Any CPU
		{F791DDC5-F28E-4A83-840C-8F5B81BB6756}.Debug|Any CPU.Build.0 = Debug|Any CPU
		{F791DDC5-F28E-4A83-840C-8F5B81BB6756}.Release|Any CPU.ActiveCfg = Release|Any CPU
		{F791DDC5-F28E-4A83-840C-8F5B81BB6756}.Release|Any CPU.Build.0 = Release|Any CPU
	EndGlobalSection
	GlobalSection(SolutionProperties) = preSolution
		HideSolutionNode = FALSE
	EndGlobalSection
	GlobalSection(ExtensibilityGlobals) = postSolution
		SolutionGuid = {CD72DCE7-3181-424E-AC8E-21B71D06F496}
	EndGlobalSection
EndGlobal
