
Microsoft Visual Studio Solution File, Format Version 12.00
# Visual Studio Version 16
VisualStudioVersion = 16.0.30523.141
MinimumVisualStudioVersion = 10.0.40219.1
Project("{FAE04EC0-301F-11D3-BF4B-00C04F79EFBC}") = "Clase4Proprama5", "Clase4Proprama5.csproj", "{CAD75A42-B472-4D52-8358-30CCD19A6C4E}"
EndProject
Global
	GlobalSection(SolutionConfigurationPlatforms) = preSolution
		Debug|Any CPU = Debug|Any CPU
		Release|Any CPU = Release|Any CPU
	EndGlobalSection
	GlobalSection(ProjectConfigurationPlatforms) = postSolution
		{CAD75A42-B472-4D52-8358-30CCD19A6C4E}.Debug|Any CPU.ActiveCfg = Debug|Any CPU
		{CAD75A42-B472-4D52-8358-30CCD19A6C4E}.Debug|Any CPU.Build.0 = Debug|Any CPU
		{CAD75A42-B472-4D52-8358-30CCD19A6C4E}.Release|Any CPU.ActiveCfg = Release|Any CPU
		{CAD75A42-B472-4D52-8358-30CCD19A6C4E}.Release|Any CPU.Build.0 = Release|Any CPU
	EndGlobalSection
	GlobalSection(SolutionProperties) = preSolution
		HideSolutionNode = FALSE
	EndGlobalSection
	GlobalSection(ExtensibilityGlobals) = postSolution
		SolutionGuid = {86D1C157-17C2-4C69-9D7A-3FE71172BDC8}
	EndGlobalSection
EndGlobal
