
Microsoft Visual Studio Solution File, Format Version 12.00
# Visual Studio Version 16
VisualStudioVersion = 16.0.30523.141
MinimumVisualStudioVersion = 10.0.40219.1
Project("{FAE04EC0-301F-11D3-BF4B-00C04F79EFBC}") = "Clase7Programa3", "Clase7Programa3.csproj", "{86FED2A3-8520-46BF-B7C8-C31CC40C605C}"
EndProject
Global
	GlobalSection(SolutionConfigurationPlatforms) = preSolution
		Debug|Any CPU = Debug|Any CPU
		Release|Any CPU = Release|Any CPU
	EndGlobalSection
	GlobalSection(ProjectConfigurationPlatforms) = postSolution
		{86FED2A3-8520-46BF-B7C8-C31CC40C605C}.Debug|Any CPU.ActiveCfg = Debug|Any CPU
		{86FED2A3-8520-46BF-B7C8-C31CC40C605C}.Debug|Any CPU.Build.0 = Debug|Any CPU
		{86FED2A3-8520-46BF-B7C8-C31CC40C605C}.Release|Any CPU.ActiveCfg = Release|Any CPU
		{86FED2A3-8520-46BF-B7C8-C31CC40C605C}.Release|Any CPU.Build.0 = Release|Any CPU
	EndGlobalSection
	GlobalSection(SolutionProperties) = preSolution
		HideSolutionNode = FALSE
	EndGlobalSection
	GlobalSection(ExtensibilityGlobals) = postSolution
		SolutionGuid = {0D4AEE58-1222-45FF-9820-9E917C342188}
	EndGlobalSection
EndGlobal
