
Microsoft Visual Studio Solution File, Format Version 12.00
# Visual Studio Version 16
VisualStudioVersion = 16.0.30523.141
MinimumVisualStudioVersion = 10.0.40219.1
Project("{FAE04EC0-301F-11D3-BF4B-00C04F79EFBC}") = "Clase4Programa7", "Clase4Programa7.csproj", "{C56E36CB-6AF2-41E0-A569-1D27B18ECE6A}"
EndProject
Global
	GlobalSection(SolutionConfigurationPlatforms) = preSolution
		Debug|Any CPU = Debug|Any CPU
		Release|Any CPU = Release|Any CPU
	EndGlobalSection
	GlobalSection(ProjectConfigurationPlatforms) = postSolution
		{C56E36CB-6AF2-41E0-A569-1D27B18ECE6A}.Debug|Any CPU.ActiveCfg = Debug|Any CPU
		{C56E36CB-6AF2-41E0-A569-1D27B18ECE6A}.Debug|Any CPU.Build.0 = Debug|Any CPU
		{C56E36CB-6AF2-41E0-A569-1D27B18ECE6A}.Release|Any CPU.ActiveCfg = Release|Any CPU
		{C56E36CB-6AF2-41E0-A569-1D27B18ECE6A}.Release|Any CPU.Build.0 = Release|Any CPU
	EndGlobalSection
	GlobalSection(SolutionProperties) = preSolution
		HideSolutionNode = FALSE
	EndGlobalSection
	GlobalSection(ExtensibilityGlobals) = postSolution
		SolutionGuid = {F1743D8E-C3B7-44DE-B6A4-229CB0F1AE79}
	EndGlobalSection
EndGlobal
